
Microsoft Visual Studio Solution File, Format Version 12.00
# Visual Studio Version 17
VisualStudioVersion = 17.11.35219.272
MinimumVisualStudioVersion = 10.0.40219.1
Project("{FAE04EC0-301F-11D3-BF4B-00C04F79EFBC}") = "Tablas", "Tablas\Tablas.csproj", "{6E63B0CB-D8BE-432E-A86C-FD6F0465F0CE}"
EndProject
Global
	GlobalSection(SolutionConfigurationPlatforms) = preSolution
		Debug|Any CPU = Debug|Any CPU
		Release|Any CPU = Release|Any CPU
	EndGlobalSection
	GlobalSection(ProjectConfigurationPlatforms) = postSolution
		{6E63B0CB-D8BE-432E-A86C-FD6F0465F0CE}.Debug|Any CPU.ActiveCfg = Debug|Any CPU
		{6E63B0CB-D8BE-432E-A86C-FD6F0465F0CE}.Debug|Any CPU.Build.0 = Debug|Any CPU
		{6E63B0CB-D8BE-432E-A86C-FD6F0465F0CE}.Release|Any CPU.ActiveCfg = Release|Any CPU
		{6E63B0CB-D8BE-432E-A86C-FD6F0465F0CE}.Release|Any CPU.Build.0 = Release|Any CPU
	EndGlobalSection
	GlobalSection(SolutionProperties) = preSolution
		HideSolutionNode = FALSE
	EndGlobalSection
	GlobalSection(ExtensibilityGlobals) = postSolution
		SolutionGuid = {D06F4600-9D36-43FA-B4F2-6F0C44A3CBD0}
	EndGlobalSection
EndGlobal
