
Microsoft Visual Studio Solution File, Format Version 12.00
# Visual Studio Version 17
VisualStudioVersion = 17.11.35208.52
MinimumVisualStudioVersion = 10.0.40219.1
Project("{FAE04EC0-301F-11D3-BF4B-00C04F79EFBC}") = "Herencia Y Polimorfismo", "Herencia Y Polimorfismo\Herencia Y Polimorfismo.csproj", "{54756573-2493-467B-B745-6EFCD291006F}"
EndProject
Global
	GlobalSection(SolutionConfigurationPlatforms) = preSolution
		Debug|Any CPU = Debug|Any CPU
		Release|Any CPU = Release|Any CPU
	EndGlobalSection
	GlobalSection(ProjectConfigurationPlatforms) = postSolution
		{54756573-2493-467B-B745-6EFCD291006F}.Debug|Any CPU.ActiveCfg = Debug|Any CPU
		{54756573-2493-467B-B745-6EFCD291006F}.Debug|Any CPU.Build.0 = Debug|Any CPU
		{54756573-2493-467B-B745-6EFCD291006F}.Release|Any CPU.ActiveCfg = Release|Any CPU
		{54756573-2493-467B-B745-6EFCD291006F}.Release|Any CPU.Build.0 = Release|Any CPU
	EndGlobalSection
	GlobalSection(SolutionProperties) = preSolution
		HideSolutionNode = FALSE
	EndGlobalSection
	GlobalSection(ExtensibilityGlobals) = postSolution
		SolutionGuid = {3ADE2204-476A-48E6-8081-DF8AF9DC86E4}
	EndGlobalSection
EndGlobal
