
Microsoft Visual Studio Solution File, Format Version 12.00
# Visual Studio Version 17
VisualStudioVersion = 17.11.35208.52
MinimumVisualStudioVersion = 10.0.40219.1
Project("{FAE04EC0-301F-11D3-BF4B-00C04F79EFBC}") = "HIlos", "HIlos\HIlos.csproj", "{5560F72B-25E4-4FF6-9C76-578681DFAE82}"
EndProject
Global
	GlobalSection(SolutionConfigurationPlatforms) = preSolution
		Debug|Any CPU = Debug|Any CPU
		Release|Any CPU = Release|Any CPU
	EndGlobalSection
	GlobalSection(ProjectConfigurationPlatforms) = postSolution
		{5560F72B-25E4-4FF6-9C76-578681DFAE82}.Debug|Any CPU.ActiveCfg = Debug|Any CPU
		{5560F72B-25E4-4FF6-9C76-578681DFAE82}.Debug|Any CPU.Build.0 = Debug|Any CPU
		{5560F72B-25E4-4FF6-9C76-578681DFAE82}.Release|Any CPU.ActiveCfg = Release|Any CPU
		{5560F72B-25E4-4FF6-9C76-578681DFAE82}.Release|Any CPU.Build.0 = Release|Any CPU
	EndGlobalSection
	GlobalSection(SolutionProperties) = preSolution
		HideSolutionNode = FALSE
	EndGlobalSection
	GlobalSection(ExtensibilityGlobals) = postSolution
		SolutionGuid = {0C0F15FA-2368-46D0-AB1F-89C1BD6F8FAB}
	EndGlobalSection
EndGlobal
