
Microsoft Visual Studio Solution File, Format Version 12.00
# Visual Studio Version 17
VisualStudioVersion = 17.11.35208.52
MinimumVisualStudioVersion = 10.0.40219.1
Project("{FAE04EC0-301F-11D3-BF4B-00C04F79EFBC}") = "Objetos", "Objetos\Objetos.csproj", "{62832EC5-7C7F-4F08-995B-FDEA04023508}"
EndProject
Global
	GlobalSection(SolutionConfigurationPlatforms) = preSolution
		Debug|Any CPU = Debug|Any CPU
		Release|Any CPU = Release|Any CPU
	EndGlobalSection
	GlobalSection(ProjectConfigurationPlatforms) = postSolution
		{62832EC5-7C7F-4F08-995B-FDEA04023508}.Debug|Any CPU.ActiveCfg = Debug|Any CPU
		{62832EC5-7C7F-4F08-995B-FDEA04023508}.Debug|Any CPU.Build.0 = Debug|Any CPU
		{62832EC5-7C7F-4F08-995B-FDEA04023508}.Release|Any CPU.ActiveCfg = Release|Any CPU
		{62832EC5-7C7F-4F08-995B-FDEA04023508}.Release|Any CPU.Build.0 = Release|Any CPU
	EndGlobalSection
	GlobalSection(SolutionProperties) = preSolution
		HideSolutionNode = FALSE
	EndGlobalSection
	GlobalSection(ExtensibilityGlobals) = postSolution
		SolutionGuid = {0F1D1940-273D-4F56-8845-2BBEB22010F8}
	EndGlobalSection
EndGlobal
